
Microsoft Visual Studio Solution File, Format Version 12.00
# Visual Studio Version 17
VisualStudioVersion = 17.5.33530.505
MinimumVisualStudioVersion = 10.0.40219.1
Project("{FAE04EC0-301F-11D3-BF4B-00C04F79EFBC}") = "WebApplication4", "WebApplication4.csproj", "{32D9D8B3-5632-4742-8310-605C767F7D43}"
EndProject
Project("{FAE04EC0-301F-11D3-BF4B-00C04F79EFBC}") = "FunctionApp2", "..\FunctionApp2\FunctionApp2.csproj", "{FF679259-66B7-4709-9AAC-AA00BB7C491C}"
EndProject
Global
	GlobalSection(SolutionConfigurationPlatforms) = preSolution
		Debug|Any CPU = Debug|Any CPU
		Release|Any CPU = Release|Any CPU
	EndGlobalSection
	GlobalSection(ProjectConfigurationPlatforms) = postSolution
		{32D9D8B3-5632-4742-8310-605C767F7D43}.Debug|Any CPU.ActiveCfg = Debug|Any CPU
		{32D9D8B3-5632-4742-8310-605C767F7D43}.Debug|Any CPU.Build.0 = Debug|Any CPU
		{32D9D8B3-5632-4742-8310-605C767F7D43}.Release|Any CPU.ActiveCfg = Release|Any CPU
		{32D9D8B3-5632-4742-8310-605C767F7D43}.Release|Any CPU.Build.0 = Release|Any CPU
		{FF679259-66B7-4709-9AAC-AA00BB7C491C}.Debug|Any CPU.ActiveCfg = Debug|Any CPU
		{FF679259-66B7-4709-9AAC-AA00BB7C491C}.Debug|Any CPU.Build.0 = Debug|Any CPU
		{FF679259-66B7-4709-9AAC-AA00BB7C491C}.Release|Any CPU.ActiveCfg = Release|Any CPU
		{FF679259-66B7-4709-9AAC-AA00BB7C491C}.Release|Any CPU.Build.0 = Release|Any CPU
	EndGlobalSection
	GlobalSection(SolutionProperties) = preSolution
		HideSolutionNode = FALSE
	EndGlobalSection
	GlobalSection(ExtensibilityGlobals) = postSolution
		SolutionGuid = {7EC4F503-DB92-466E-BF21-CDC0457DE4C0}
	EndGlobalSection
EndGlobal
